
Microsoft Visual Studio Solution File, Format Version 12.00
# Visual Studio Version 17
VisualStudioVersion = 17.1.31911.260
MinimumVisualStudioVersion = 10.0.40219.1
Project("{9A19103F-16F7-4668-BE54-9A1E7A4F7556}") = "Home", "Home\Home.csproj", "{16547C2C-0E7C-4E77-8864-AD6541F819DD}"
EndProject
Project("{2150E333-8FDC-42A3-9474-1A3956D46DE8}") = "Shared Libraries", "Shared Libraries", "{3DDEE229-D318-4A2A-85F4-5ED070765C30}"
EndProject
Project("{9A19103F-16F7-4668-BE54-9A1E7A4F7556}") = "Home.Data", "Shared Libraries\Home.Data\Home.Data.csproj", "{3B6282A4-EF68-477A-B7FD-7E0F96B75862}"
EndProject
Project("{2150E333-8FDC-42A3-9474-1A3956D46DE8}") = "API", "API", "{C584A975-1E2C-45DB-9D99-D8CE26ED6F16}"
EndProject
Project("{9A19103F-16F7-4668-BE54-9A1E7A4F7556}") = "Home.API", "API\Home.API\Home.API.csproj", "{47A580D8-92D0-439B-A32B-A7132C165D4C}"
EndProject
Project("{2150E333-8FDC-42A3-9474-1A3956D46DE8}") = "Service", "Service", "{69C60DD4-2CEF-4304-A8FF-751BE53960A9}"
EndProject
Project("{9A19103F-16F7-4668-BE54-9A1E7A4F7556}") = "Home.Communication", "Shared Libraries\Home.Communication\Home.Communication.csproj", "{E812DEEE-4510-4DEE-B9FE-DA428ABE8A1E}"
EndProject
Project("{9A19103F-16F7-4668-BE54-9A1E7A4F7556}") = "Home.Service.Linux", "Service\Home.Service.Linux\Home.Service.Linux.csproj", "{30B690AF-CEFA-47A2-A392-DA878E75E7C0}"
EndProject
Project("{2150E333-8FDC-42A3-9474-1A3956D46DE8}") = "Helper Applications", "Helper Applications", "{04A92809-609E-48F8-B50D-3D0145657931}"
EndProject
Project("{FAE04EC0-301F-11D3-BF4B-00C04F79EFBC}") = "Notification", "Helper Applications\Notification\Notification.csproj", "{AA694400-3AE8-4160-BB47-FD5427932D36}"
EndProject
Project("{FAE04EC0-301F-11D3-BF4B-00C04F79EFBC}") = "Home.Service.Legacy", "Service\Home.Service.Legacy\Home.Service.Legacy.csproj", "{5A59FDA7-BD65-406F-A705-487C82D4EF5B}"
EndProject
Project("{FAE04EC0-301F-11D3-BF4B-00C04F79EFBC}") = "Home.Measure.Windows", "Shared Libraries\Home.Measure.Windows\Home.Measure.Windows.csproj", "{36F79A8A-96BF-49B5-AAA7-39D434385B44}"
EndProject
Project("{2150E333-8FDC-42A3-9474-1A3956D46DE8}") = "External Libraries", "External Libraries", "{222CEA8C-2B0E-44D2-8738-97D1D26AAC30}"
	ProjectSection(SolutionItems) = preProject
		External Libraries\Serialization.dll = External Libraries\Serialization.dll
	EndProjectSection
EndProject
Project("{2150E333-8FDC-42A3-9474-1A3956D46DE8}") = "Assets", "Assets", "{27651F4E-1EF6-41DA-A004-93589CDD3BBA}"
	ProjectSection(SolutionItems) = preProject
		Assets\ack.png = Assets\ack.png
		Assets\Icons.sketch = Assets\Icons.sketch
		Assets\preview.mp4 = Assets\preview.mp4
		Assets\Redmi Note 7.html = Assets\Redmi Note 7.html
	EndProjectSection
EndProject
Project("{FAE04EC0-301F-11D3-BF4B-00C04F79EFBC}") = "Home.Service.Android", "Service\Home.Service.Android\Home.Service.Android.csproj", "{7716B99C-FC83-4755-878D-C094CC8C7649}"
EndProject
Project("{9A19103F-16F7-4668-BE54-9A1E7A4F7556}") = "Home.Service.Windows", "Service\Home.Service.Windows\Home.Service.Windows.csproj", "{BBA6CEE6-1D66-4F82-B179-7203D08EE44C}"
EndProject
Project("{2150E333-8FDC-42A3-9474-1A3956D46DE8}") = "Solution Items", "Solution Items", "{E53E7885-932E-4DE8-98FF-87B45E3C9B4D}"
	ProjectSection(SolutionItems) = preProject
		.editorconfig = .editorconfig
	EndProjectSection
EndProject
Project("{2150E333-8FDC-42A3-9474-1A3956D46DE8}") = "screenshots", "screenshots", "{05E800C3-AC14-414E-9523-14ABC121588F}"
	ProjectSection(SolutionItems) = preProject
		Assets\screenshots\home.png = Assets\screenshots\home.png
		Assets\screenshots\Home.Service.Android.jpg = Assets\screenshots\Home.Service.Android.jpg
		Assets\screenshots\Home.Service.Android.png = Assets\screenshots\Home.Service.Android.png
		Assets\screenshots\Home.Service.Windows.png = Assets\screenshots\Home.Service.Windows.png
		Assets\screenshots\overview.png = Assets\screenshots\overview.png
	EndProjectSection
EndProject
Project("{9A19103F-16F7-4668-BE54-9A1E7A4F7556}") = "ClientUpdate", "Helper Applications\ClientUpdate\ClientUpdate.csproj", "{DA072891-955D-4BDD-AEAC-06B3C258B3CD}"
EndProject
Project("{9A19103F-16F7-4668-BE54-9A1E7A4F7556}") = "HomeNotification", "Helper Applications\HomeNotification\HomeNotification.csproj", "{7DDC2A3A-0F8C-44F2-993D-D1C09381CA1A}"
EndProject
Global
	GlobalSection(SolutionConfigurationPlatforms) = preSolution
		Debug|Any CPU = Debug|Any CPU
		Release|Any CPU = Release|Any CPU
	EndGlobalSection
	GlobalSection(ProjectConfigurationPlatforms) = postSolution
		{16547C2C-0E7C-4E77-8864-AD6541F819DD}.Debug|Any CPU.ActiveCfg = Debug|Any CPU
		{16547C2C-0E7C-4E77-8864-AD6541F819DD}.Debug|Any CPU.Build.0 = Debug|Any CPU
		{16547C2C-0E7C-4E77-8864-AD6541F819DD}.Release|Any CPU.ActiveCfg = Release|Any CPU
		{16547C2C-0E7C-4E77-8864-AD6541F819DD}.Release|Any CPU.Build.0 = Release|Any CPU
		{3B6282A4-EF68-477A-B7FD-7E0F96B75862}.Debug|Any CPU.ActiveCfg = Debug|Any CPU
		{3B6282A4-EF68-477A-B7FD-7E0F96B75862}.Debug|Any CPU.Build.0 = Debug|Any CPU
		{3B6282A4-EF68-477A-B7FD-7E0F96B75862}.Release|Any CPU.ActiveCfg = Release|Any CPU
		{3B6282A4-EF68-477A-B7FD-7E0F96B75862}.Release|Any CPU.Build.0 = Release|Any CPU
		{47A580D8-92D0-439B-A32B-A7132C165D4C}.Debug|Any CPU.ActiveCfg = Debug|Any CPU
		{47A580D8-92D0-439B-A32B-A7132C165D4C}.Debug|Any CPU.Build.0 = Debug|Any CPU
		{47A580D8-92D0-439B-A32B-A7132C165D4C}.Release|Any CPU.ActiveCfg = Release|Any CPU
		{47A580D8-92D0-439B-A32B-A7132C165D4C}.Release|Any CPU.Build.0 = Release|Any CPU
		{E812DEEE-4510-4DEE-B9FE-DA428ABE8A1E}.Debug|Any CPU.ActiveCfg = Debug|Any CPU
		{E812DEEE-4510-4DEE-B9FE-DA428ABE8A1E}.Debug|Any CPU.Build.0 = Debug|Any CPU
		{E812DEEE-4510-4DEE-B9FE-DA428ABE8A1E}.Release|Any CPU.ActiveCfg = Release|Any CPU
		{E812DEEE-4510-4DEE-B9FE-DA428ABE8A1E}.Release|Any CPU.Build.0 = Release|Any CPU
		{30B690AF-CEFA-47A2-A392-DA878E75E7C0}.Debug|Any CPU.ActiveCfg = Debug|Any CPU
		{30B690AF-CEFA-47A2-A392-DA878E75E7C0}.Debug|Any CPU.Build.0 = Debug|Any CPU
		{30B690AF-CEFA-47A2-A392-DA878E75E7C0}.Release|Any CPU.ActiveCfg = Release|Any CPU
		{30B690AF-CEFA-47A2-A392-DA878E75E7C0}.Release|Any CPU.Build.0 = Release|Any CPU
		{AA694400-3AE8-4160-BB47-FD5427932D36}.Debug|Any CPU.ActiveCfg = Debug|Any CPU
		{AA694400-3AE8-4160-BB47-FD5427932D36}.Debug|Any CPU.Build.0 = Debug|Any CPU
		{AA694400-3AE8-4160-BB47-FD5427932D36}.Release|Any CPU.ActiveCfg = Release|Any CPU
		{AA694400-3AE8-4160-BB47-FD5427932D36}.Release|Any CPU.Build.0 = Release|Any CPU
		{5A59FDA7-BD65-406F-A705-487C82D4EF5B}.Debug|Any CPU.ActiveCfg = Debug|Any CPU
		{5A59FDA7-BD65-406F-A705-487C82D4EF5B}.Debug|Any CPU.Build.0 = Debug|Any CPU
		{5A59FDA7-BD65-406F-A705-487C82D4EF5B}.Release|Any CPU.ActiveCfg = Release|Any CPU
		{5A59FDA7-BD65-406F-A705-487C82D4EF5B}.Release|Any CPU.Build.0 = Release|Any CPU
		{36F79A8A-96BF-49B5-AAA7-39D434385B44}.Debug|Any CPU.ActiveCfg = Debug|Any CPU
		{36F79A8A-96BF-49B5-AAA7-39D434385B44}.Debug|Any CPU.Build.0 = Debug|Any CPU
		{36F79A8A-96BF-49B5-AAA7-39D434385B44}.Release|Any CPU.ActiveCfg = Release|Any CPU
		{36F79A8A-96BF-49B5-AAA7-39D434385B44}.Release|Any CPU.Build.0 = Release|Any CPU
		{7716B99C-FC83-4755-878D-C094CC8C7649}.Debug|Any CPU.ActiveCfg = Debug|Any CPU
		{7716B99C-FC83-4755-878D-C094CC8C7649}.Debug|Any CPU.Build.0 = Debug|Any CPU
		{7716B99C-FC83-4755-878D-C094CC8C7649}.Debug|Any CPU.Deploy.0 = Debug|Any CPU
		{7716B99C-FC83-4755-878D-C094CC8C7649}.Release|Any CPU.ActiveCfg = Release|Any CPU
		{7716B99C-FC83-4755-878D-C094CC8C7649}.Release|Any CPU.Build.0 = Release|Any CPU
		{7716B99C-FC83-4755-878D-C094CC8C7649}.Release|Any CPU.Deploy.0 = Release|Any CPU
		{BBA6CEE6-1D66-4F82-B179-7203D08EE44C}.Debug|Any CPU.ActiveCfg = Debug|Any CPU
		{BBA6CEE6-1D66-4F82-B179-7203D08EE44C}.Debug|Any CPU.Build.0 = Debug|Any CPU
		{BBA6CEE6-1D66-4F82-B179-7203D08EE44C}.Release|Any CPU.ActiveCfg = Release|Any CPU
		{BBA6CEE6-1D66-4F82-B179-7203D08EE44C}.Release|Any CPU.Build.0 = Release|Any CPU
		{DA072891-955D-4BDD-AEAC-06B3C258B3CD}.Debug|Any CPU.ActiveCfg = Debug|Any CPU
		{DA072891-955D-4BDD-AEAC-06B3C258B3CD}.Debug|Any CPU.Build.0 = Debug|Any CPU
		{DA072891-955D-4BDD-AEAC-06B3C258B3CD}.Release|Any CPU.ActiveCfg = Release|Any CPU
		{DA072891-955D-4BDD-AEAC-06B3C258B3CD}.Release|Any CPU.Build.0 = Release|Any CPU
		{7DDC2A3A-0F8C-44F2-993D-D1C09381CA1A}.Debug|Any CPU.ActiveCfg = Debug|Any CPU
		{7DDC2A3A-0F8C-44F2-993D-D1C09381CA1A}.Debug|Any CPU.Build.0 = Debug|Any CPU
		{7DDC2A3A-0F8C-44F2-993D-D1C09381CA1A}.Release|Any CPU.ActiveCfg = Release|Any CPU
		{7DDC2A3A-0F8C-44F2-993D-D1C09381CA1A}.Release|Any CPU.Build.0 = Release|Any CPU
	EndGlobalSection
	GlobalSection(SolutionProperties) = preSolution
		HideSolutionNode = FALSE
	EndGlobalSection
	GlobalSection(NestedProjects) = preSolution
		{3B6282A4-EF68-477A-B7FD-7E0F96B75862} = {3DDEE229-D318-4A2A-85F4-5ED070765C30}
		{47A580D8-92D0-439B-A32B-A7132C165D4C} = {C584A975-1E2C-45DB-9D99-D8CE26ED6F16}
		{E812DEEE-4510-4DEE-B9FE-DA428ABE8A1E} = {3DDEE229-D318-4A2A-85F4-5ED070765C30}
		{30B690AF-CEFA-47A2-A392-DA878E75E7C0} = {69C60DD4-2CEF-4304-A8FF-751BE53960A9}
		{AA694400-3AE8-4160-BB47-FD5427932D36} = {04A92809-609E-48F8-B50D-3D0145657931}
		{5A59FDA7-BD65-406F-A705-487C82D4EF5B} = {69C60DD4-2CEF-4304-A8FF-751BE53960A9}
		{36F79A8A-96BF-49B5-AAA7-39D434385B44} = {3DDEE229-D318-4A2A-85F4-5ED070765C30}
		{7716B99C-FC83-4755-878D-C094CC8C7649} = {69C60DD4-2CEF-4304-A8FF-751BE53960A9}
		{BBA6CEE6-1D66-4F82-B179-7203D08EE44C} = {69C60DD4-2CEF-4304-A8FF-751BE53960A9}
		{05E800C3-AC14-414E-9523-14ABC121588F} = {27651F4E-1EF6-41DA-A004-93589CDD3BBA}
		{DA072891-955D-4BDD-AEAC-06B3C258B3CD} = {04A92809-609E-48F8-B50D-3D0145657931}
		{7DDC2A3A-0F8C-44F2-993D-D1C09381CA1A} = {04A92809-609E-48F8-B50D-3D0145657931}
	EndGlobalSection
	GlobalSection(ExtensibilityGlobals) = postSolution
		SolutionGuid = {96AFC1EE-03B9-4208-AF3D-A290F2C3B875}
	EndGlobalSection
EndGlobal
